
<Solution>
  <Folder Name="/src/">
    <Project Path="src/XtcSystems.KsefScenarioCheck.Core/XtcSystems.KsefScenarioCheck.Core.csproj" />
    <Project Path="src/XtcSystems.KsefScenarioCheck.Cli/XtcSystems.KsefScenarioCheck.Cli.csproj" />
  </Folder>
  <Folder Name="/tests/">
    <Project Path="tests/XtcSystems.KsefScenarioCheck.Tests/XtcSystems.KsefScenarioCheck.Tests.csproj" />
  </Folder>
</Solution>
