Microsoft Visual Studio Solution File, Format Version 12.00
# Visual Studio Version 17
VisualStudioVersion = 17.0.31903.59
MinimumVisualStudioVersion = 10.0.40219.1
Project("{FAE04EC0-301F-11D3-BF4B-00C04F79EFBC}") = "KsefGuard.Core", "src\KsefGuard.Core\KsefGuard.Core.csproj", "{11111111-1111-4111-8111-111111111111}"
EndProject
Project("{FAE04EC0-301F-11D3-BF4B-00C04F79EFBC}") = "KsefGuard.Cli", "src\KsefGuard.Cli\KsefGuard.Cli.csproj", "{22222222-2222-4222-8222-222222222222}"
EndProject
Project("{FAE04EC0-301F-11D3-BF4B-00C04F79EFBC}") = "KsefGuard.Core.Tests", "tests\KsefGuard.Core.Tests\KsefGuard.Core.Tests.csproj", "{33333333-3333-4333-8333-333333333333}"
EndProject
Project("{FAE04EC0-301F-11D3-BF4B-00C04F79EFBC}") = "KsefGuard.Cli.Tests", "tests\KsefGuard.Cli.Tests\KsefGuard.Cli.Tests.csproj", "{44444444-4444-4444-8444-444444444444}"
EndProject
Global
    GlobalSection(SolutionConfigurationPlatforms) = preSolution
        Debug|Any CPU = Debug|Any CPU
        Release|Any CPU = Release|Any CPU
    EndGlobalSection
    GlobalSection(ProjectConfigurationPlatforms) = postSolution
        {11111111-1111-4111-8111-111111111111}.Debug|Any CPU.ActiveCfg = Debug|Any CPU
        {11111111-1111-4111-8111-111111111111}.Debug|Any CPU.Build.0 = Debug|Any CPU
        {11111111-1111-4111-8111-111111111111}.Release|Any CPU.ActiveCfg = Release|Any CPU
        {11111111-1111-4111-8111-111111111111}.Release|Any CPU.Build.0 = Release|Any CPU
        {22222222-2222-4222-8222-222222222222}.Debug|Any CPU.ActiveCfg = Debug|Any CPU
        {22222222-2222-4222-8222-222222222222}.Debug|Any CPU.Build.0 = Debug|Any CPU
        {22222222-2222-4222-8222-222222222222}.Release|Any CPU.ActiveCfg = Release|Any CPU
        {22222222-2222-4222-8222-222222222222}.Release|Any CPU.Build.0 = Release|Any CPU
        {33333333-3333-4333-8333-333333333333}.Debug|Any CPU.ActiveCfg = Debug|Any CPU
        {33333333-3333-4333-8333-333333333333}.Debug|Any CPU.Build.0 = Debug|Any CPU
        {33333333-3333-4333-8333-333333333333}.Release|Any CPU.ActiveCfg = Release|Any CPU
        {33333333-3333-4333-8333-333333333333}.Release|Any CPU.Build.0 = Release|Any CPU
        {44444444-4444-4444-8444-444444444444}.Debug|Any CPU.ActiveCfg = Debug|Any CPU
        {44444444-4444-4444-8444-444444444444}.Debug|Any CPU.Build.0 = Debug|Any CPU
        {44444444-4444-4444-8444-444444444444}.Release|Any CPU.ActiveCfg = Release|Any CPU
        {44444444-4444-4444-8444-444444444444}.Release|Any CPU.Build.0 = Release|Any CPU
    EndGlobalSection
EndGlobal
